// !$*UTF8*$!
{
	archiveVersion = 1;
	classes = {
	};
	objectVersion = 46;
	objects = {

/* Begin PBXBuildFile section */
		53A4A2337A1D3F274FB492F8 /* Pods_Uberish.framework in Frameworks */ = {isa = PBXBuildFile; fileRef = B6F9B2286E1E0F6578671F7D /* Pods_Uberish.framework */; };
		933DCD4A1F116CB70014FCB3 /* GradientView.swift in Sources */ = {isa = PBXBuildFile; fileRef = 933DCD491F116CB70014FCB3 /* GradientView.swift */; };
		933DCD4C1F11A6630014FCB3 /* RoundImageView.swift in Sources */ = {isa = PBXBuildFile; fileRef = 933DCD4B1F11A6630014FCB3 /* RoundImageView.swift */; };
		933DCD4E1F11A8EC0014FCB3 /* RoundedShadowView.swift in Sources */ = {isa = PBXBuildFile; fileRef = 933DCD4D1F11A8EC0014FCB3 /* RoundedShadowView.swift */; };
		933DCD501F11AA180014FCB3 /* CircleView.swift in Sources */ = {isa = PBXBuildFile; fileRef = 933DCD4F1F11AA180014FCB3 /* CircleView.swift */; };
		933DCD521F11ABD10014FCB3 /* RoundShadowButton.swift in Sources */ = {isa = PBXBuildFile; fileRef = 933DCD511F11ABD10014FCB3 /* RoundShadowButton.swift */; };
		933DCD541F11BCBE0014FCB3 /* LeftSidePanelVC.swift in Sources */ = {isa = PBXBuildFile; fileRef = 933DCD531F11BCBE0014FCB3 /* LeftSidePanelVC.swift */; };
		933DCD561F11BD2F0014FCB3 /* ContainerVC.swift in Sources */ = {isa = PBXBuildFile; fileRef = 933DCD551F11BD2F0014FCB3 /* ContainerVC.swift */; };
		933DCD591F11C1960014FCB3 /* CenterVCDelegate.swift in Sources */ = {isa = PBXBuildFile; fileRef = 933DCD581F11C1960014FCB3 /* CenterVCDelegate.swift */; };
		933DCD5C1F11D52A0014FCB3 /* UIViewExt.swift in Sources */ = {isa = PBXBuildFile; fileRef = 933DCD5B1F11D52A0014FCB3 /* UIViewExt.swift */; };
		933DCD5E1F11E1500014FCB3 /* LoginVC.swift in Sources */ = {isa = PBXBuildFile; fileRef = 933DCD5D1F11E1500014FCB3 /* LoginVC.swift */; };
		933DCD601F126BFB0014FCB3 /* RoundedCornerTextField.swift in Sources */ = {isa = PBXBuildFile; fileRef = 933DCD5F1F126BFB0014FCB3 /* RoundedCornerTextField.swift */; };
		933DCD651F12CFF10014FCB3 /* DataService.swift in Sources */ = {isa = PBXBuildFile; fileRef = 933DCD641F12CFF10014FCB3 /* DataService.swift */; };
		933DCD671F12D8F20014FCB3 /* GoogleService-Info.plist in Resources */ = {isa = PBXBuildFile; fileRef = 933DCD661F12D8F20014FCB3 /* GoogleService-Info.plist */; };
		933DCD691F1450290014FCB3 /* UpdateService.swift in Sources */ = {isa = PBXBuildFile; fileRef = 933DCD681F1450290014FCB3 /* UpdateService.swift */; };
		93DCF4E31F114970005B8A07 /* AppDelegate.swift in Sources */ = {isa = PBXBuildFile; fileRef = 93DCF4E21F114970005B8A07 /* AppDelegate.swift */; };
		93DCF4E51F114970005B8A07 /* HomeVC.swift in Sources */ = {isa = PBXBuildFile; fileRef = 93DCF4E41F114970005B8A07 /* HomeVC.swift */; };
		93DCF4E81F114970005B8A07 /* Main.storyboard in Resources */ = {isa = PBXBuildFile; fileRef = 93DCF4E61F114970005B8A07 /* Main.storyboard */; };
		93DCF4EA1F114970005B8A07 /* Assets.xcassets in Resources */ = {isa = PBXBuildFile; fileRef = 93DCF4E91F114970005B8A07 /* Assets.xcassets */; };
		93DCF4ED1F114970005B8A07 /* LaunchScreen.storyboard in Resources */ = {isa = PBXBuildFile; fileRef = 93DCF4EB1F114970005B8A07 /* LaunchScreen.storyboard */; };
/* End PBXBuildFile section */

/* Begin PBXFileReference section */
		8401DA419BF7FF2289245FDE /* Pods-Uberish.debug.xcconfig */ = {isa = PBXFileReference; includeInIndex = 1; lastKnownFileType = text.xcconfig; name = "Pods-Uberish.debug.xcconfig"; path = "Pods/Target Support Files/Pods-Uberish/Pods-Uberish.debug.xcconfig"; sourceTree = "<group>"; };
		933DCD491F116CB70014FCB3 /* GradientView.swift */ = {isa = PBXFileReference; fileEncoding = 4; lastKnownFileType = sourcecode.swift; path = GradientView.swift; sourceTree = "<group>"; };
		933DCD4B1F11A6630014FCB3 /* RoundImageView.swift */ = {isa = PBXFileReference; fileEncoding = 4; lastKnownFileType = sourcecode.swift; path = RoundImageView.swift; sourceTree = "<group>"; };
		933DCD4D1F11A8EC0014FCB3 /* RoundedShadowView.swift */ = {isa = PBXFileReference; fileEncoding = 4; lastKnownFileType = sourcecode.swift; path = RoundedShadowView.swift; sourceTree = "<group>"; };
		933DCD4F1F11AA180014FCB3 /* CircleView.swift */ = {isa = PBXFileReference; fileEncoding = 4; lastKnownFileType = sourcecode.swift; path = CircleView.swift; sourceTree = "<group>"; };
		933DCD511F11ABD10014FCB3 /* RoundShadowButton.swift */ = {isa = PBXFileReference; fileEncoding = 4; lastKnownFileType = sourcecode.swift; path = RoundShadowButton.swift; sourceTree = "<group>"; };
		933DCD531F11BCBE0014FCB3 /* LeftSidePanelVC.swift */ = {isa = PBXFileReference; fileEncoding = 4; lastKnownFileType = sourcecode.swift; path = LeftSidePanelVC.swift; sourceTree = "<group>"; };
		933DCD551F11BD2F0014FCB3 /* ContainerVC.swift */ = {isa = PBXFileReference; fileEncoding = 4; lastKnownFileType = sourcecode.swift; path = ContainerVC.swift; sourceTree = "<group>"; };
		933DCD581F11C1960014FCB3 /* CenterVCDelegate.swift */ = {isa = PBXFileReference; fileEncoding = 4; lastKnownFileType = sourcecode.swift; path = CenterVCDelegate.swift; sourceTree = "<group>"; };
		933DCD5B1F11D52A0014FCB3 /* UIViewExt.swift */ = {isa = PBXFileReference; fileEncoding = 4; lastKnownFileType = sourcecode.swift; path = UIViewExt.swift; sourceTree = "<group>"; };
		933DCD5D1F11E1500014FCB3 /* LoginVC.swift */ = {isa = PBXFileReference; fileEncoding = 4; lastKnownFileType = sourcecode.swift; path = LoginVC.swift; sourceTree = "<group>"; };
		933DCD5F1F126BFB0014FCB3 /* RoundedCornerTextField.swift */ = {isa = PBXFileReference; fileEncoding = 4; lastKnownFileType = sourcecode.swift; path = RoundedCornerTextField.swift; sourceTree = "<group>"; };
		933DCD641F12CFF10014FCB3 /* DataService.swift */ = {isa = PBXFileReference; fileEncoding = 4; lastKnownFileType = sourcecode.swift; path = DataService.swift; sourceTree = "<group>"; };
		933DCD661F12D8F20014FCB3 /* GoogleService-Info.plist */ = {isa = PBXFileReference; fileEncoding = 4; lastKnownFileType = text.plist.xml; path = "GoogleService-Info.plist"; sourceTree = "<group>"; };
		933DCD681F1450290014FCB3 /* UpdateService.swift */ = {isa = PBXFileReference; fileEncoding = 4; lastKnownFileType = sourcecode.swift; path = UpdateService.swift; sourceTree = "<group>"; };
		93DCF4DF1F114970005B8A07 /* Uberish.app */ = {isa = PBXFileReference; explicitFileType = wrapper.application; includeInIndex = 0; path = Uberish.app; sourceTree = BUILT_PRODUCTS_DIR; };
		93DCF4E21F114970005B8A07 /* AppDelegate.swift */ = {isa = PBXFileReference; lastKnownFileType = sourcecode.swift; path = AppDelegate.swift; sourceTree = "<group>"; };
		93DCF4E41F114970005B8A07 /* HomeVC.swift */ = {isa = PBXFileReference; lastKnownFileType = sourcecode.swift; path = HomeVC.swift; sourceTree = "<group>"; };
		93DCF4E71F114970005B8A07 /* Base */ = {isa = PBXFileReference; lastKnownFileType = file.storyboard; name = Base; path = Base.lproj/Main.storyboard; sourceTree = "<group>"; };
		93DCF4E91F114970005B8A07 /* Assets.xcassets */ = {isa = PBXFileReference; lastKnownFileType = folder.assetcatalog; path = Assets.xcassets; sourceTree = "<group>"; };
		93DCF4EC1F114970005B8A07 /* Base */ = {isa = PBXFileReference; lastKnownFileType = file.storyboard; name = Base; path = Base.lproj/LaunchScreen.storyboard; sourceTree = "<group>"; };
		93DCF4EE1F114970005B8A07 /* Info.plist */ = {isa = PBXFileReference; lastKnownFileType = text.plist.xml; path = Info.plist; sourceTree = "<group>"; };
		B6F9B2286E1E0F6578671F7D /* Pods_Uberish.framework */ = {isa = PBXFileReference; explicitFileType = wrapper.framework; includeInIndex = 0; path = Pods_Uberish.framework; sourceTree = BUILT_PRODUCTS_DIR; };
		F6E659B91C3940C5C1E8B679 /* Pods-Uberish.release.xcconfig */ = {isa = PBXFileReference; includeInIndex = 1; lastKnownFileType = text.xcconfig; name = "Pods-Uberish.release.xcconfig"; path = "Pods/Target Support Files/Pods-Uberish/Pods-Uberish.release.xcconfig"; sourceTree = "<group>"; };
/* End PBXFileReference section */

/* Begin PBXFrameworksBuildPhase section */
		93DCF4DC1F114970005B8A07 /* Frameworks */ = {
			isa = PBXFrameworksBuildPhase;
			buildActionMask = 2147483647;
			files = (
				53A4A2337A1D3F274FB492F8 /* Pods_Uberish.framework in Frameworks */,
			);
			runOnlyForDeploymentPostprocessing = 0;
		};
/* End PBXFrameworksBuildPhase section */

/* Begin PBXGroup section */
		2F649CA188CE763930861FF7 /* Frameworks */ = {
			isa = PBXGroup;
			children = (
				B6F9B2286E1E0F6578671F7D /* Pods_Uberish.framework */,
			);
			name = Frameworks;
			sourceTree = "<group>";
		};
		933DCD461F116C7A0014FCB3 /* Controller */ = {
			isa = PBXGroup;
			children = (
				93DCF4E41F114970005B8A07 /* HomeVC.swift */,
				933DCD531F11BCBE0014FCB3 /* LeftSidePanelVC.swift */,
				933DCD551F11BD2F0014FCB3 /* ContainerVC.swift */,
				933DCD5D1F11E1500014FCB3 /* LoginVC.swift */,
			);
			name = Controller;
			sourceTree = "<group>";
		};
		933DCD471F116C850014FCB3 /* View */ = {
			isa = PBXGroup;
			children = (
				933DCD491F116CB70014FCB3 /* GradientView.swift */,
				933DCD4B1F11A6630014FCB3 /* RoundImageView.swift */,
				933DCD4D1F11A8EC0014FCB3 /* RoundedShadowView.swift */,
				933DCD4F1F11AA180014FCB3 /* CircleView.swift */,
				933DCD511F11ABD10014FCB3 /* RoundShadowButton.swift */,
				933DCD5F1F126BFB0014FCB3 /* RoundedCornerTextField.swift */,
			);
			name = View;
			sourceTree = "<group>";
		};
		933DCD481F116C8F0014FCB3 /* Model */ = {
			isa = PBXGroup;
			children = (
			);
			name = Model;
			sourceTree = "<group>";
		};
		933DCD571F11C17B0014FCB3 /* Protocols */ = {
			isa = PBXGroup;
			children = (
				933DCD581F11C1960014FCB3 /* CenterVCDelegate.swift */,
			);
			name = Protocols;
			sourceTree = "<group>";
		};
		933DCD5A1F11D5110014FCB3 /* Extensions */ = {
			isa = PBXGroup;
			children = (
				933DCD5B1F11D52A0014FCB3 /* UIViewExt.swift */,
			);
			name = Extensions;
			sourceTree = "<group>";
		};
		933DCD631F12CFD80014FCB3 /* Services */ = {
			isa = PBXGroup;
			children = (
				933DCD641F12CFF10014FCB3 /* DataService.swift */,
				933DCD681F1450290014FCB3 /* UpdateService.swift */,
			);
			name = Services;
			sourceTree = "<group>";
		};
		93DCF4D61F11496F005B8A07 = {
			isa = PBXGroup;
			children = (
				93DCF4E11F114970005B8A07 /* Uberish */,
				93DCF4E01F114970005B8A07 /* Products */,
				CBCEE679A6B1DFFD14DCA143 /* Pods */,
				2F649CA188CE763930861FF7 /* Frameworks */,
			);
			sourceTree = "<group>";
		};
		93DCF4E01F114970005B8A07 /* Products */ = {
			isa = PBXGroup;
			children = (
				93DCF4DF1F114970005B8A07 /* Uberish.app */,
			);
			name = Products;
			sourceTree = "<group>";
		};
		93DCF4E11F114970005B8A07 /* Uberish */ = {
			isa = PBXGroup;
			children = (
				933DCD631F12CFD80014FCB3 /* Services */,
				933DCD5A1F11D5110014FCB3 /* Extensions */,
				933DCD571F11C17B0014FCB3 /* Protocols */,
				933DCD481F116C8F0014FCB3 /* Model */,
				933DCD471F116C850014FCB3 /* View */,
				933DCD461F116C7A0014FCB3 /* Controller */,
				93DCF4E21F114970005B8A07 /* AppDelegate.swift */,
				93DCF4E61F114970005B8A07 /* Main.storyboard */,
				93DCF4E91F114970005B8A07 /* Assets.xcassets */,
				93DCF4EB1F114970005B8A07 /* LaunchScreen.storyboard */,
				93DCF4EE1F114970005B8A07 /* Info.plist */,
				933DCD661F12D8F20014FCB3 /* GoogleService-Info.plist */,
			);
			path = Uberish;
			sourceTree = "<group>";
		};
		CBCEE679A6B1DFFD14DCA143 /* Pods */ = {
			isa = PBXGroup;
			children = (
				8401DA419BF7FF2289245FDE /* Pods-Uberish.debug.xcconfig */,
				F6E659B91C3940C5C1E8B679 /* Pods-Uberish.release.xcconfig */,
			);
			name = Pods;
			sourceTree = "<group>";
		};
/* End PBXGroup section */

/* Begin PBXNativeTarget section */
		93DCF4DE1F114970005B8A07 /* Uberish */ = {
			isa = PBXNativeTarget;
			buildConfigurationList = 93DCF4F11F114970005B8A07 /* Build configuration list for PBXNativeTarget "Uberish" */;
			buildPhases = (
				E0A98DD313E467FFFE1A834F /* [CP] Check Pods Manifest.lock */,
				93DCF4DB1F114970005B8A07 /* Sources */,
				93DCF4DC1F114970005B8A07 /* Frameworks */,
				93DCF4DD1F114970005B8A07 /* Resources */,
				3F5DA5B20F01FE34BCB1103E /* [CP] Embed Pods Frameworks */,
				CC7C18F7E245263D3A9D79BB /* [CP] Copy Pods Resources */,
			);
			buildRules = (
			);
			dependencies = (
			);
			name = Uberish;
			productName = Uberish;
			productReference = 93DCF4DF1F114970005B8A07 /* Uberish.app */;
			productType = "com.apple.product-type.application";
		};
/* End PBXNativeTarget section */

/* Begin PBXProject section */
		93DCF4D71F11496F005B8A07 /* Project object */ = {
			isa = PBXProject;
			attributes = {
				LastSwiftUpdateCheck = 0830;
				LastUpgradeCheck = 0830;
				ORGANIZATIONNAME = "Miguel Santos";
				TargetAttributes = {
					93DCF4DE1F114970005B8A07 = {
						CreatedOnToolsVersion = 8.3.3;
						DevelopmentTeam = E2WXGK793Z;
						ProvisioningStyle = Automatic;
					};
				};
			};
			buildConfigurationList = 93DCF4DA1F11496F005B8A07 /* Build configuration list for PBXProject "Uberish" */;
			compatibilityVersion = "Xcode 3.2";
			developmentRegion = English;
			hasScannedForEncodings = 0;
			knownRegions = (
				en,
				Base,
			);
			mainGroup = 93DCF4D61F11496F005B8A07;
			productRefGroup = 93DCF4E01F114970005B8A07 /* Products */;
			projectDirPath = "";
			projectRoot = "";
			targets = (
				93DCF4DE1F114970005B8A07 /* Uberish */,
			);
		};
/* End PBXProject section */

/* Begin PBXResourcesBuildPhase section */
		93DCF4DD1F114970005B8A07 /* Resources */ = {
			isa = PBXResourcesBuildPhase;
			buildActionMask = 2147483647;
			files = (
				93DCF4ED1F114970005B8A07 /* LaunchScreen.storyboard in Resources */,
				933DCD671F12D8F20014FCB3 /* GoogleService-Info.plist in Resources */,
				93DCF4EA1F114970005B8A07 /* Assets.xcassets in Resources */,
				93DCF4E81F114970005B8A07 /* Main.storyboard in Resources */,
			);
			runOnlyForDeploymentPostprocessing = 0;
		};
/* End PBXResourcesBuildPhase section */

/* Begin PBXShellScriptBuildPhase section */
		3F5DA5B20F01FE34BCB1103E /* [CP] Embed Pods Frameworks */ = {
			isa = PBXShellScriptBuildPhase;
			buildActionMask = 2147483647;
			files = (
			);
			inputPaths = (
			);
			name = "[CP] Embed Pods Frameworks";
			outputPaths = (
			);
			runOnlyForDeploymentPostprocessing = 0;
			shellPath = /bin/sh;
			shellScript = "\"${SRCROOT}/Pods/Target Support Files/Pods-Uberish/Pods-Uberish-frameworks.sh\"\n";
			showEnvVarsInLog = 0;
		};
		CC7C18F7E245263D3A9D79BB /* [CP] Copy Pods Resources */ = {
			isa = PBXShellScriptBuildPhase;
			buildActionMask = 2147483647;
			files = (
			);
			inputPaths = (
			);
			name = "[CP] Copy Pods Resources";
			outputPaths = (
			);
			runOnlyForDeploymentPostprocessing = 0;
			shellPath = /bin/sh;
			shellScript = "\"${SRCROOT}/Pods/Target Support Files/Pods-Uberish/Pods-Uberish-resources.sh\"\n";
			showEnvVarsInLog = 0;
		};
		E0A98DD313E467FFFE1A834F /* [CP] Check Pods Manifest.lock */ = {
			isa = PBXShellScriptBuildPhase;
			buildActionMask = 2147483647;
			files = (
			);
			inputPaths = (
			);
			name = "[CP] Check Pods Manifest.lock";
			outputPaths = (
			);
			runOnlyForDeploymentPostprocessing = 0;
			shellPath = /bin/sh;
			shellScript = "diff \"${PODS_ROOT}/../Podfile.lock\" \"${PODS_ROOT}/Manifest.lock\" > /dev/null\nif [ $? != 0 ] ; then\n    # print error to STDERR\n    echo \"error: The sandbox is not in sync with the Podfile.lock. Run 'pod install' or update your CocoaPods installation.\" >&2\n    exit 1\nfi\n";
			showEnvVarsInLog = 0;
		};
/* End PBXShellScriptBuildPhase section */

/* Begin PBXSourcesBuildPhase section */
		93DCF4DB1F114970005B8A07 /* Sources */ = {
			isa = PBXSourcesBuildPhase;
			buildActionMask = 2147483647;
			files = (
				933DCD591F11C1960014FCB3 /* CenterVCDelegate.swift in Sources */,
				933DCD651F12CFF10014FCB3 /* DataService.swift in Sources */,
				933DCD501F11AA180014FCB3 /* CircleView.swift in Sources */,
				933DCD5E1F11E1500014FCB3 /* LoginVC.swift in Sources */,
				933DCD541F11BCBE0014FCB3 /* LeftSidePanelVC.swift in Sources */,
				93DCF4E51F114970005B8A07 /* HomeVC.swift in Sources */,
				933DCD561F11BD2F0014FCB3 /* ContainerVC.swift in Sources */,
				933DCD5C1F11D52A0014FCB3 /* UIViewExt.swift in Sources */,
				933DCD4C1F11A6630014FCB3 /* RoundImageView.swift in Sources */,
				933DCD691F1450290014FCB3 /* UpdateService.swift in Sources */,
				933DCD4E1F11A8EC0014FCB3 /* RoundedShadowView.swift in Sources */,
				93DCF4E31F114970005B8A07 /* AppDelegate.swift in Sources */,
				933DCD601F126BFB0014FCB3 /* RoundedCornerTextField.swift in Sources */,
				933DCD521F11ABD10014FCB3 /* RoundShadowButton.swift in Sources */,
				933DCD4A1F116CB70014FCB3 /* GradientView.swift in Sources */,
			);
			runOnlyForDeploymentPostprocessing = 0;
		};
/* End PBXSourcesBuildPhase section */

/* Begin PBXVariantGroup section */
		93DCF4E61F114970005B8A07 /* Main.storyboard */ = {
			isa = PBXVariantGroup;
			children = (
				93DCF4E71F114970005B8A07 /* Base */,
			);
			name = Main.storyboard;
			sourceTree = "<group>";
		};
		93DCF4EB1F114970005B8A07 /* LaunchScreen.storyboard */ = {
			isa = PBXVariantGroup;
			children = (
				93DCF4EC1F114970005B8A07 /* Base */,
			);
			name = LaunchScreen.storyboard;
			sourceTree = "<group>";
		};
/* End PBXVariantGroup section */

/* Begin XCBuildConfiguration section */
		93DCF4EF1F114970005B8A07 /* Debug */ = {
			isa = XCBuildConfiguration;
			buildSettings = {
				ALWAYS_SEARCH_USER_PATHS = NO;
				CLANG_ANALYZER_NONNULL = YES;
				CLANG_ANALYZER_NUMBER_OBJECT_CONVERSION = YES_AGGRESSIVE;
				CLANG_CXX_LANGUAGE_STANDARD = "gnu++0x";
				CLANG_CXX_LIBRARY = "libc++";
				CLANG_ENABLE_MODULES = YES;
				CLANG_ENABLE_OBJC_ARC = YES;
				CLANG_WARN_BOOL_CONVERSION = YES;
				CLANG_WARN_CONSTANT_CONVERSION = YES;
				CLANG_WARN_DIRECT_OBJC_ISA_USAGE = YES_ERROR;
				CLANG_WARN_DOCUMENTATION_COMMENTS = YES;
				CLANG_WARN_EMPTY_BODY = YES;
				CLANG_WARN_ENUM_CONVERSION = YES;
				CLANG_WARN_INFINITE_RECURSION = YES;
				CLANG_WARN_INT_CONVERSION = YES;
				CLANG_WARN_OBJC_ROOT_CLASS = YES_ERROR;
				CLANG_WARN_SUSPICIOUS_MOVE = YES;
				CLANG_WARN_UNREACHABLE_CODE = YES;
				CLANG_WARN__DUPLICATE_METHOD_MATCH = YES;
				"CODE_SIGN_IDENTITY[sdk=iphoneos*]" = "iPhone Developer";
				COPY_PHASE_STRIP = NO;
				DEBUG_INFORMATION_FORMAT = dwarf;
				ENABLE_STRICT_OBJC_MSGSEND = YES;
				ENABLE_TESTABILITY = YES;
				GCC_C_LANGUAGE_STANDARD = gnu99;
				GCC_DYNAMIC_NO_PIC = NO;
				GCC_NO_COMMON_BLOCKS = YES;
				GCC_OPTIMIZATION_LEVEL = 0;
				GCC_PREPROCESSOR_DEFINITIONS = (
					"DEBUG=1",
					"$(inherited)",
				);
				GCC_WARN_64_TO_32_BIT_CONVERSION = YES;
				GCC_WARN_ABOUT_RETURN_TYPE = YES_ERROR;
				GCC_WARN_UNDECLARED_SELECTOR = YES;
				GCC_WARN_UNINITIALIZED_AUTOS = YES_AGGRESSIVE;
				GCC_WARN_UNUSED_FUNCTION = YES;
				GCC_WARN_UNUSED_VARIABLE = YES;
				IPHONEOS_DEPLOYMENT_TARGET = 10.3;
				MTL_ENABLE_DEBUG_INFO = YES;
				ONLY_ACTIVE_ARCH = YES;
				SDKROOT = iphoneos;
				SWIFT_ACTIVE_COMPILATION_CONDITIONS = DEBUG;
				SWIFT_OPTIMIZATION_LEVEL = "-Onone";
				TARGETED_DEVICE_FAMILY = "1,2";
			};
			name = Debug;
		};
		93DCF4F01F114970005B8A07 /* Release */ = {
			isa = XCBuildConfiguration;
			buildSettings = {
				ALWAYS_SEARCH_USER_PATHS = NO;
				CLANG_ANALYZER_NONNULL = YES;
				CLANG_ANALYZER_NUMBER_OBJECT_CONVERSION = YES_AGGRESSIVE;
				CLANG_CXX_LANGUAGE_STANDARD = "gnu++0x";
				CLANG_CXX_LIBRARY = "libc++";
				CLANG_ENABLE_MODULES = YES;
				CLANG_ENABLE_OBJC_ARC = YES;
				CLANG_WARN_BOOL_CONVERSION = YES;
				CLANG_WARN_CONSTANT_CONVERSION = YES;
				CLANG_WARN_DIRECT_OBJC_ISA_USAGE = YES_ERROR;
				CLANG_WARN_DOCUMENTATION_COMMENTS = YES;
				CLANG_WARN_EMPTY_BODY = YES;
				CLANG_WARN_ENUM_CONVERSION = YES;
				CLANG_WARN_INFINITE_RECURSION = YES;
				CLANG_WARN_INT_CONVERSION = YES;
				CLANG_WARN_OBJC_ROOT_CLASS = YES_ERROR;
				CLANG_WARN_SUSPICIOUS_MOVE = YES;
				CLANG_WARN_UNREACHABLE_CODE = YES;
				CLANG_WARN__DUPLICATE_METHOD_MATCH = YES;
				"CODE_SIGN_IDENTITY[sdk=iphoneos*]" = "iPhone Developer";
				COPY_PHASE_STRIP = NO;
				DEBUG_INFORMATION_FORMAT = "dwarf-with-dsym";
				ENABLE_NS_ASSERTIONS = NO;
				ENABLE_STRICT_OBJC_MSGSEND = YES;
				GCC_C_LANGUAGE_STANDARD = gnu99;
				GCC_NO_COMMON_BLOCKS = YES;
				GCC_WARN_64_TO_32_BIT_CONVERSION = YES;
				GCC_WARN_ABOUT_RETURN_TYPE = YES_ERROR;
				GCC_WARN_UNDECLARED_SELECTOR = YES;
				GCC_WARN_UNINITIALIZED_AUTOS = YES_AGGRESSIVE;
				GCC_WARN_UNUSED_FUNCTION = YES;
				GCC_WARN_UNUSED_VARIABLE = YES;
				IPHONEOS_DEPLOYMENT_TARGET = 10.3;
				MTL_ENABLE_DEBUG_INFO = NO;
				SDKROOT = iphoneos;
				SWIFT_OPTIMIZATION_LEVEL = "-Owholemodule";
				TARGETED_DEVICE_FAMILY = "1,2";
				VALIDATE_PRODUCT = YES;
			};
			name = Release;
		};
		93DCF4F21F114970005B8A07 /* Debug */ = {
			isa = XCBuildConfiguration;
			baseConfigurationReference = 8401DA419BF7FF2289245FDE /* Pods-Uberish.debug.xcconfig */;
			buildSettings = {
				ASSETCATALOG_COMPILER_APPICON_NAME = AppIcon;
				"CODE_SIGN_IDENTITY[sdk=iphoneos*]" = "iPhone Developer";
				DEVELOPMENT_TEAM = E2WXGK793Z;
				INFOPLIST_FILE = Uberish/Info.plist;
				LD_RUNPATH_SEARCH_PATHS = "$(inherited) @executable_path/Frameworks";
				PRODUCT_BUNDLE_IDENTIFIER = com.miggsantos.uberishdev;
				PRODUCT_NAME = "$(TARGET_NAME)";
				PROVISIONING_PROFILE_SPECIFIER = "";
				SWIFT_VERSION = 3.0;
			};
			name = Debug;
		};
		93DCF4F31F114970005B8A07 /* Release */ = {
			isa = XCBuildConfiguration;
			baseConfigurationReference = F6E659B91C3940C5C1E8B679 /* Pods-Uberish.release.xcconfig */;
			buildSettings = {
				ASSETCATALOG_COMPILER_APPICON_NAME = AppIcon;
				"CODE_SIGN_IDENTITY[sdk=iphoneos*]" = "iPhone Developer";
				DEVELOPMENT_TEAM = E2WXGK793Z;
				INFOPLIST_FILE = Uberish/Info.plist;
				LD_RUNPATH_SEARCH_PATHS = "$(inherited) @executable_path/Frameworks";
				PRODUCT_BUNDLE_IDENTIFIER = com.miggsantos.uberishdev;
				PRODUCT_NAME = "$(TARGET_NAME)";
				PROVISIONING_PROFILE_SPECIFIER = "";
				SWIFT_VERSION = 3.0;
			};
			name = Release;
		};
/* End XCBuildConfiguration section */

/* Begin XCConfigurationList section */
		93DCF4DA1F11496F005B8A07 /* Build configuration list for PBXProject "Uberish" */ = {
			isa = XCConfigurationList;
			buildConfigurations = (
				93DCF4EF1F114970005B8A07 /* Debug */,
				93DCF4F01F114970005B8A07 /* Release */,
			);
			defaultConfigurationIsVisible = 0;
			defaultConfigurationName = Release;
		};
		93DCF4F11F114970005B8A07 /* Build configuration list for PBXNativeTarget "Uberish" */ = {
			isa = XCConfigurationList;
			buildConfigurations = (
				93DCF4F21F114970005B8A07 /* Debug */,
				93DCF4F31F114970005B8A07 /* Release */,
			);
			defaultConfigurationIsVisible = 0;
			defaultConfigurationName = Release;
		};
/* End XCConfigurationList section */
	};
	rootObject = 93DCF4D71F11496F005B8A07 /* Project object */;
}
